
Microsoft Visual Studio Solution File, Format Version 12.00
# Visual Studio Version 17
VisualStudioVersion = 17.5.002.0
MinimumVisualStudioVersion = 10.0.40219.1
Project("{9A19103F-16F7-4668-BE54-9A1E7A4F7556}") = "MyWebApp", "MyWebApp.csproj", "{FAEB12E6-750D-410D-8994-41B192312D38}"
EndProject
Global
	GlobalSection(SolutionConfigurationPlatforms) = preSolution
		Debug|Any CPU = Debug|Any CPU
		Release|Any CPU = Release|Any CPU
	EndGlobalSection
	GlobalSection(ProjectConfigurationPlatforms) = postSolution
		{FAEB12E6-750D-410D-8994-41B192312D38}.Debug|Any CPU.ActiveCfg = Debug|Any CPU
		{FAEB12E6-750D-410D-8994-41B192312D38}.Debug|Any CPU.Build.0 = Debug|Any CPU
		{FAEB12E6-750D-410D-8994-41B192312D38}.Release|Any CPU.ActiveCfg = Release|Any CPU
		{FAEB12E6-750D-410D-8994-41B192312D38}.Release|Any CPU.Build.0 = Release|Any CPU
	EndGlobalSection
	GlobalSection(SolutionProperties) = preSolution
		HideSolutionNode = FALSE
	EndGlobalSection
	GlobalSection(ExtensibilityGlobals) = postSolution
		SolutionGuid = {CBB7BEBC-F665-4091-8743-B2E192D9761A}
	EndGlobalSection
EndGlobal
